
Microsoft Visual Studio Solution File, Format Version 12.00
# Visual Studio Version 17
VisualStudioVersion = 17.8.34525.116
MinimumVisualStudioVersion = 10.0.40219.1
Project("{FAE04EC0-301F-11D3-BF4B-00C04F79EFBC}") = "MudBlazorWebApp", "MudBlazorWebApp\MudBlazorWebApp.csproj", "{56528F26-78B0-4B22-B780-2E2E9DC1814E}"
EndProject
Project("{FAE04EC0-301F-11D3-BF4B-00C04F79EFBC}") = "MudBlazorWebApp.Client", "MudBlazorWebApp.Client\MudBlazorWebApp.Client.csproj", "{332E0DA1-6D3B-43C2-972C-C979BA1C0C1C}"
EndProject
Project("{FAE04EC0-301F-11D3-BF4B-00C04F79EFBC}") = "PlayWrightTest", "PlayWrightTest\PlayWrightTest.csproj", "{C2F0AF39-9F1D-45FD-A2B0-6CEDF767A901}"
EndProject
Global
	GlobalSection(SolutionConfigurationPlatforms) = preSolution
		Debug|Any CPU = Debug|Any CPU
		Release|Any CPU = Release|Any CPU
	EndGlobalSection
	GlobalSection(ProjectConfigurationPlatforms) = postSolution
		{56528F26-78B0-4B22-B780-2E2E9DC1814E}.Debug|Any CPU.ActiveCfg = Debug|Any CPU
		{56528F26-78B0-4B22-B780-2E2E9DC1814E}.Debug|Any CPU.Build.0 = Debug|Any CPU
		{56528F26-78B0-4B22-B780-2E2E9DC1814E}.Release|Any CPU.ActiveCfg = Release|Any CPU
		{56528F26-78B0-4B22-B780-2E2E9DC1814E}.Release|Any CPU.Build.0 = Release|Any CPU
		{332E0DA1-6D3B-43C2-972C-C979BA1C0C1C}.Debug|Any CPU.ActiveCfg = Debug|Any CPU
		{332E0DA1-6D3B-43C2-972C-C979BA1C0C1C}.Debug|Any CPU.Build.0 = Debug|Any CPU
		{332E0DA1-6D3B-43C2-972C-C979BA1C0C1C}.Release|Any CPU.ActiveCfg = Release|Any CPU
		{332E0DA1-6D3B-43C2-972C-C979BA1C0C1C}.Release|Any CPU.Build.0 = Release|Any CPU
		{C2F0AF39-9F1D-45FD-A2B0-6CEDF767A901}.Debug|Any CPU.ActiveCfg = Debug|Any CPU
		{C2F0AF39-9F1D-45FD-A2B0-6CEDF767A901}.Debug|Any CPU.Build.0 = Debug|Any CPU
		{C2F0AF39-9F1D-45FD-A2B0-6CEDF767A901}.Release|Any CPU.ActiveCfg = Release|Any CPU
		{C2F0AF39-9F1D-45FD-A2B0-6CEDF767A901}.Release|Any CPU.Build.0 = Release|Any CPU
	EndGlobalSection
	GlobalSection(SolutionProperties) = preSolution
		HideSolutionNode = FALSE
	EndGlobalSection
	GlobalSection(ExtensibilityGlobals) = postSolution
		SolutionGuid = {7063BCB6-8384-4EA0-B676-85B50CFEDA18}
	EndGlobalSection
EndGlobal
